{
  "version": 4,
  "terraform_version": "1.1.7",
  "serial": 176,
  "lineage": "ad40f0fa-7d39-ec3e-a3e0-95c3c7081c60",
  "outputs": {},
  "resources": [
    {
      "mode": "data",
      "type": "azurerm_public_ip",
      "name": "ip-aula",
      "provider": "provider[\"registry.terraform.io/hashicorp/azurerm\"]",
      "instances": [
        {
          "schema_version": 0,
          "attributes": {
            "allocation_method": "Static",
            "domain_name_label": "",
            "fqdn": "",
            "id": "/subscriptions/9a17a101-3598-4e9e-9524-557db389d27e/resourceGroups/aulaInfraCloudTerra/providers/Microsoft.Network/publicIPAddresses/ip-aula",
            "idle_timeout_in_minutes": 4,
            "ip_address": "20.226.26.33",
            "ip_tags": {},
            "ip_version": "IPv4",
            "location": "brazilsouth",
            "name": "ip-aula",
            "resource_group_name": "aulaInfraCloudTerra",
            "reverse_fqdn": "",
            "sku": "Basic",
            "tags": {
              "environment": "test"
            },
            "timeouts": null,
            "zones": []
          },
          "sensitive_attributes": []
        }
      ]
    },
    {
      "mode": "managed",
      "type": "azurerm_linux_virtual_machine",
      "name": "vm-aulaInfra",
      "provider": "provider[\"registry.terraform.io/hashicorp/azurerm\"]",
      "instances": [
        {
          "schema_version": 0,
          "attributes": {
            "additional_capabilities": [],
            "admin_password": "Password1234!",
            "admin_ssh_key": [],
            "admin_username": "adminuser",
            "allow_extension_operations": true,
            "availability_set_id": "",
            "boot_diagnostics": [
              {
                "storage_account_uri": "https://storageaulainfrasafe.blob.core.windows.net/"
              }
            ],
            "computer_name": "vm",
            "custom_data": null,
            "dedicated_host_group_id": "",
            "dedicated_host_id": "",
            "disable_password_authentication": false,
            "edge_zone": "",
            "encryption_at_host_enabled": false,
            "eviction_policy": "",
            "extensions_time_budget": "PT1H30M",
            "id": "/subscriptions/9a17a101-3598-4e9e-9524-557db389d27e/resourceGroups/aulaInfraCloudTerra/providers/Microsoft.Compute/virtualMachines/vm",
            "identity": [],
            "license_type": "",
            "location": "brazilsouth",
            "max_bid_price": -1,
            "name": "vm",
            "network_interface_ids": [
              "/subscriptions/9a17a101-3598-4e9e-9524-557db389d27e/resourceGroups/aulaInfraCloudTerra/providers/Microsoft.Network/networkInterfaces/nic"
            ],
            "os_disk": [
              {
                "caching": "ReadWrite",
                "diff_disk_settings": [],
                "disk_encryption_set_id": "",
                "disk_size_gb": 30,
                "name": "myDisk",
                "storage_account_type": "Premium_LRS",
                "write_accelerator_enabled": false
              }
            ],
            "patch_mode": "ImageDefault",
            "plan": [],
            "platform_fault_domain": -1,
            "priority": "Regular",
            "private_ip_address": "10.0.1.4",
            "private_ip_addresses": [
              "10.0.1.4"
            ],
            "provision_vm_agent": true,
            "proximity_placement_group_id": "",
            "public_ip_address": "20.226.26.33",
            "public_ip_addresses": [
              "20.226.26.33"
            ],
            "resource_group_name": "aulaInfraCloudTerra",
            "secret": [],
            "secure_boot_enabled": false,
            "size": "Standard_E2bs_v5",
            "source_image_id": "",
            "source_image_reference": [
              {
                "offer": "UbuntuServer",
                "publisher": "Canonical",
                "sku": "16.04-LTS",
                "version": "latest"
              }
            ],
            "tags": null,
            "termination_notification": null,
            "timeouts": null,
            "user_data": "",
            "virtual_machine_id": "53967e3c-32ab-41f6-b356-5cca70d83df7",
            "virtual_machine_scale_set_id": "",
            "vtpm_enabled": false,
            "zone": ""
          },
          "sensitive_attributes": [],
          "private": "eyJlMmJmYjczMC1lY2FhLTExZTYtOGY4OC0zNDM2M2JjN2M0YzAiOnsiY3JlYXRlIjoyNzAwMDAwMDAwMDAwLCJkZWxldGUiOjI3MDAwMDAwMDAwMDAsInJlYWQiOjMwMDAwMDAwMDAwMCwidXBkYXRlIjoyNzAwMDAwMDAwMDAwfX0=",
          "dependencies": [
            "azurerm_network_interface.nic-aulaInfra",
            "azurerm_public_ip.ip-aulaInfra",
            "azurerm_resource_group.rg-aulaInfra",
            "azurerm_storage_account.saaulainfra",
            "azurerm_subnet.Sub-aulaInfra",
            "azurerm_virtual_network.vnet-aulaInfra"
          ]
        }
      ]
    },
    {
      "mode": "managed",
      "type": "azurerm_network_interface",
      "name": "nic-aulaInfra",
      "provider": "provider[\"registry.terraform.io/hashicorp/azurerm\"]",
      "instances": [
        {
          "schema_version": 0,
          "attributes": {
            "applied_dns_servers": [],
            "dns_servers": [],
            "edge_zone": "",
            "enable_accelerated_networking": false,
            "enable_ip_forwarding": false,
            "id": "/subscriptions/9a17a101-3598-4e9e-9524-557db389d27e/resourceGroups/aulaInfraCloudTerra/providers/Microsoft.Network/networkInterfaces/nic",
            "internal_dns_name_label": "",
            "internal_domain_name_suffix": "xsvd1yniou3edathnv5shn0lff.nx.internal.cloudapp.net",
            "ip_configuration": [
              {
                "gateway_load_balancer_frontend_ip_configuration_id": "",
                "name": "nic-ip",
                "primary": true,
                "private_ip_address": "10.0.1.4",
                "private_ip_address_allocation": "Dynamic",
                "private_ip_address_version": "IPv4",
                "public_ip_address_id": "/subscriptions/9a17a101-3598-4e9e-9524-557db389d27e/resourceGroups/aulaInfraCloudTerra/providers/Microsoft.Network/publicIPAddresses/ip-aula",
                "subnet_id": "/subscriptions/9a17a101-3598-4e9e-9524-557db389d27e/resourceGroups/aulaInfraCloudTerra/providers/Microsoft.Network/virtualNetworks/vNet/subnets/subnet"
              }
            ],
            "location": "brazilsouth",
            "mac_address": "",
            "name": "nic",
            "private_ip_address": "10.0.1.4",
            "private_ip_addresses": [
              "10.0.1.4"
            ],
            "resource_group_name": "aulaInfraCloudTerra",
            "tags": null,
            "timeouts": null,
            "virtual_machine_id": ""
          },
          "sensitive_attributes": [],
          "private": "eyJlMmJmYjczMC1lY2FhLTExZTYtOGY4OC0zNDM2M2JjN2M0YzAiOnsiY3JlYXRlIjoxODAwMDAwMDAwMDAwLCJkZWxldGUiOjE4MDAwMDAwMDAwMDAsInJlYWQiOjMwMDAwMDAwMDAwMCwidXBkYXRlIjoxODAwMDAwMDAwMDAwfX0=",
          "dependencies": [
            "azurerm_public_ip.ip-aulaInfra",
            "azurerm_resource_group.rg-aulaInfra",
            "azurerm_subnet.Sub-aulaInfra",
            "azurerm_virtual_network.vnet-aulaInfra"
          ]
        }
      ]
    },
    {
      "mode": "managed",
      "type": "azurerm_network_interface_security_group_association",
      "name": "nic-association-aulaInfra",
      "provider": "provider[\"registry.terraform.io/hashicorp/azurerm\"]",
      "instances": [
        {
          "schema_version": 0,
          "attributes": {
            "id": "/subscriptions/9a17a101-3598-4e9e-9524-557db389d27e/resourceGroups/aulaInfraCloudTerra/providers/Microsoft.Network/networkInterfaces/nic|/subscriptions/9a17a101-3598-4e9e-9524-557db389d27e/resourceGroups/aulaInfraCloudTerra/providers/Microsoft.Network/networkSecurityGroups/nsc-aula",
            "network_interface_id": "/subscriptions/9a17a101-3598-4e9e-9524-557db389d27e/resourceGroups/aulaInfraCloudTerra/providers/Microsoft.Network/networkInterfaces/nic",
            "network_security_group_id": "/subscriptions/9a17a101-3598-4e9e-9524-557db389d27e/resourceGroups/aulaInfraCloudTerra/providers/Microsoft.Network/networkSecurityGroups/nsc-aula",
            "timeouts": null
          },
          "sensitive_attributes": [],
          "private": "eyJlMmJmYjczMC1lY2FhLTExZTYtOGY4OC0zNDM2M2JjN2M0YzAiOnsiY3JlYXRlIjoxODAwMDAwMDAwMDAwLCJkZWxldGUiOjE4MDAwMDAwMDAwMDAsInJlYWQiOjMwMDAwMDAwMDAwMCwidXBkYXRlIjoxODAwMDAwMDAwMDAwfX0=",
          "dependencies": [
            "azurerm_network_interface.nic-aulaInfra",
            "azurerm_network_security_group.nsc-aulaInfra",
            "azurerm_public_ip.ip-aulaInfra",
            "azurerm_resource_group.rg-aulaInfra",
            "azurerm_subnet.Sub-aulaInfra",
            "azurerm_virtual_network.vnet-aulaInfra"
          ]
        }
      ]
    },
    {
      "mode": "managed",
      "type": "azurerm_network_security_group",
      "name": "nsc-aulaInfra",
      "provider": "provider[\"registry.terraform.io/hashicorp/azurerm\"]",
      "instances": [
        {
          "schema_version": 0,
          "attributes": {
            "id": "/subscriptions/9a17a101-3598-4e9e-9524-557db389d27e/resourceGroups/aulaInfraCloudTerra/providers/Microsoft.Network/networkSecurityGroups/nsc-aula",
            "location": "brazilsouth",
            "name": "nsc-aula",
            "resource_group_name": "aulaInfraCloudTerra",
            "security_rule": [
              {
                "access": "Allow",
                "description": "",
                "destination_address_prefix": "*",
                "destination_address_prefixes": [],
                "destination_application_security_group_ids": [],
                "destination_port_range": "22",
                "destination_port_ranges": [],
                "direction": "Inbound",
                "name": "SSH",
                "priority": 100,
                "protocol": "Tcp",
                "source_address_prefix": "*",
                "source_address_prefixes": [],
                "source_application_security_group_ids": [],
                "source_port_range": "*",
                "source_port_ranges": []
              },
              {
                "access": "Allow",
                "description": "",
                "destination_address_prefix": "*",
                "destination_address_prefixes": [],
                "destination_application_security_group_ids": [],
                "destination_port_range": "80",
                "destination_port_ranges": [],
                "direction": "Inbound",
                "name": "Web",
                "priority": 1001,
                "protocol": "Tcp",
                "source_address_prefix": "*",
                "source_address_prefixes": [],
                "source_application_security_group_ids": [],
                "source_port_range": "*",
                "source_port_ranges": []
              }
            ],
            "tags": {
              "environment": "Production"
            },
            "timeouts": null
          },
          "sensitive_attributes": [],
          "private": "eyJlMmJmYjczMC1lY2FhLTExZTYtOGY4OC0zNDM2M2JjN2M0YzAiOnsiY3JlYXRlIjoxODAwMDAwMDAwMDAwLCJkZWxldGUiOjE4MDAwMDAwMDAwMDAsInJlYWQiOjMwMDAwMDAwMDAwMCwidXBkYXRlIjoxODAwMDAwMDAwMDAwfX0=",
          "dependencies": [
            "azurerm_resource_group.rg-aulaInfra"
          ]
        }
      ]
    },
    {
      "mode": "managed",
      "type": "azurerm_public_ip",
      "name": "ip-aulaInfra",
      "provider": "provider[\"registry.terraform.io/hashicorp/azurerm\"]",
      "instances": [
        {
          "schema_version": 0,
          "attributes": {
            "allocation_method": "Static",
            "domain_name_label": null,
            "edge_zone": "",
            "fqdn": null,
            "id": "/subscriptions/9a17a101-3598-4e9e-9524-557db389d27e/resourceGroups/aulaInfraCloudTerra/providers/Microsoft.Network/publicIPAddresses/ip-aula",
            "idle_timeout_in_minutes": 4,
            "ip_address": "20.226.26.33",
            "ip_tags": null,
            "ip_version": "IPv4",
            "location": "brazilsouth",
            "name": "ip-aula",
            "public_ip_prefix_id": null,
            "resource_group_name": "aulaInfraCloudTerra",
            "reverse_fqdn": null,
            "sku": "Basic",
            "sku_tier": "Regional",
            "tags": {
              "environment": "test"
            },
            "timeouts": null,
            "zones": null
          },
          "sensitive_attributes": [],
          "private": "eyJlMmJmYjczMC1lY2FhLTExZTYtOGY4OC0zNDM2M2JjN2M0YzAiOnsiY3JlYXRlIjoxODAwMDAwMDAwMDAwLCJkZWxldGUiOjE4MDAwMDAwMDAwMDAsInJlYWQiOjMwMDAwMDAwMDAwMCwidXBkYXRlIjoxODAwMDAwMDAwMDAwfX0=",
          "dependencies": [
            "azurerm_resource_group.rg-aulaInfra"
          ]
        }
      ]
    },
    {
      "mode": "managed",
      "type": "azurerm_resource_group",
      "name": "rg-aulaInfra",
      "provider": "provider[\"registry.terraform.io/hashicorp/azurerm\"]",
      "instances": [
        {
          "schema_version": 0,
          "attributes": {
            "id": "/subscriptions/9a17a101-3598-4e9e-9524-557db389d27e/resourceGroups/aulaInfraCloudTerra",
            "location": "brazilsouth",
            "name": "aulaInfraCloudTerra",
            "tags": null,
            "timeouts": null
          },
          "sensitive_attributes": [],
          "private": "eyJlMmJmYjczMC1lY2FhLTExZTYtOGY4OC0zNDM2M2JjN2M0YzAiOnsiY3JlYXRlIjo1NDAwMDAwMDAwMDAwLCJkZWxldGUiOjU0MDAwMDAwMDAwMDAsInJlYWQiOjMwMDAwMDAwMDAwMCwidXBkYXRlIjo1NDAwMDAwMDAwMDAwfX0="
        }
      ]
    },
    {
      "mode": "managed",
      "type": "azurerm_storage_account",
      "name": "saaulainfra",
      "provider": "provider[\"registry.terraform.io/hashicorp/azurerm\"]",
      "instances": [
        {
          "schema_version": 3,
          "attributes": {
            "access_tier": "Hot",
            "account_kind": "StorageV2",
            "account_replication_type": "LRS",
            "account_tier": "Standard",
            "allow_nested_items_to_be_public": true,
            "azure_files_authentication": [],
            "blob_properties": [
              {
                "change_feed_enabled": false,
                "container_delete_retention_policy": [],
                "cors_rule": [],
                "default_service_version": "",
                "delete_retention_policy": [],
                "last_access_time_enabled": false,
                "versioning_enabled": false
              }
            ],
            "custom_domain": [],
            "customer_managed_key": [],
            "edge_zone": "",
            "enable_https_traffic_only": true,
            "id": "/subscriptions/9a17a101-3598-4e9e-9524-557db389d27e/resourceGroups/aulaInfraCloudTerra/providers/Microsoft.Storage/storageAccounts/storageaulainfrasafe",
            "identity": [],
            "infrastructure_encryption_enabled": false,
            "is_hns_enabled": false,
            "large_file_share_enabled": null,
            "location": "brazilsouth",
            "min_tls_version": "TLS1_2",
            "name": "storageaulainfrasafe",
            "network_rules": [
              {
                "bypass": [
                  "AzureServices"
                ],
                "default_action": "Allow",
                "ip_rules": [],
                "private_link_access": [],
                "virtual_network_subnet_ids": []
              }
            ],
            "nfsv3_enabled": false,
            "primary_access_key": "khIzph6G9vFjRcmni6NohbyOqbIfrbrxNx6CkxwmeswIcjz72AOofaoTVD7rrTMqVS2N90xoa0epGaJsTRyCgg==",
            "primary_blob_connection_string": "DefaultEndpointsProtocol=https;BlobEndpoint=https://storageaulainfrasafe.blob.core.windows.net/;AccountName=storageaulainfrasafe;AccountKey=khIzph6G9vFjRcmni6NohbyOqbIfrbrxNx6CkxwmeswIcjz72AOofaoTVD7rrTMqVS2N90xoa0epGaJsTRyCgg==",
            "primary_blob_endpoint": "https://storageaulainfrasafe.blob.core.windows.net/",
            "primary_blob_host": "storageaulainfrasafe.blob.core.windows.net",
            "primary_connection_string": "DefaultEndpointsProtocol=https;AccountName=storageaulainfrasafe;AccountKey=khIzph6G9vFjRcmni6NohbyOqbIfrbrxNx6CkxwmeswIcjz72AOofaoTVD7rrTMqVS2N90xoa0epGaJsTRyCgg==;EndpointSuffix=core.windows.net",
            "primary_dfs_endpoint": "https://storageaulainfrasafe.dfs.core.windows.net/",
            "primary_dfs_host": "storageaulainfrasafe.dfs.core.windows.net",
            "primary_file_endpoint": "https://storageaulainfrasafe.file.core.windows.net/",
            "primary_file_host": "storageaulainfrasafe.file.core.windows.net",
            "primary_location": "brazilsouth",
            "primary_queue_endpoint": "https://storageaulainfrasafe.queue.core.windows.net/",
            "primary_queue_host": "storageaulainfrasafe.queue.core.windows.net",
            "primary_table_endpoint": "https://storageaulainfrasafe.table.core.windows.net/",
            "primary_table_host": "storageaulainfrasafe.table.core.windows.net",
            "primary_web_endpoint": "https://storageaulainfrasafe.z15.web.core.windows.net/",
            "primary_web_host": "storageaulainfrasafe.z15.web.core.windows.net",
            "queue_encryption_key_type": "Service",
            "queue_properties": [
              {
                "cors_rule": [],
                "hour_metrics": [
                  {
                    "enabled": true,
                    "include_apis": true,
                    "retention_policy_days": 7,
                    "version": "1.0"
                  }
                ],
                "logging": [
                  {
                    "delete": false,
                    "read": false,
                    "retention_policy_days": 0,
                    "version": "1.0",
                    "write": false
                  }
                ],
                "minute_metrics": [
                  {
                    "enabled": false,
                    "include_apis": false,
                    "retention_policy_days": 0,
                    "version": "1.0"
                  }
                ]
              }
            ],
            "resource_group_name": "aulaInfraCloudTerra",
            "routing": [],
            "secondary_access_key": "jgGVc3wzvsjt6niT5iBzGb51kpADU0gT2wfNV3wUD0sc7ptl4Eaqx02cU5XkOhoSjvhXwcGInnGHOHUrE9QPGQ==",
            "secondary_blob_connection_string": "",
            "secondary_blob_endpoint": null,
            "secondary_blob_host": null,
            "secondary_connection_string": "DefaultEndpointsProtocol=https;AccountName=storageaulainfrasafe;AccountKey=jgGVc3wzvsjt6niT5iBzGb51kpADU0gT2wfNV3wUD0sc7ptl4Eaqx02cU5XkOhoSjvhXwcGInnGHOHUrE9QPGQ==;EndpointSuffix=core.windows.net",
            "secondary_dfs_endpoint": null,
            "secondary_dfs_host": null,
            "secondary_file_endpoint": null,
            "secondary_file_host": null,
            "secondary_location": "",
            "secondary_queue_endpoint": null,
            "secondary_queue_host": null,
            "secondary_table_endpoint": null,
            "secondary_table_host": null,
            "secondary_web_endpoint": null,
            "secondary_web_host": null,
            "share_properties": [
              {
                "cors_rule": [],
                "retention_policy": [
                  {
                    "days": 7
                  }
                ],
                "smb": []
              }
            ],
            "shared_access_key_enabled": true,
            "static_website": [],
            "table_encryption_key_type": "Service",
            "tags": null,
            "timeouts": null
          },
          "sensitive_attributes": [],
          "private": "eyJlMmJmYjczMC1lY2FhLTExZTYtOGY4OC0zNDM2M2JjN2M0YzAiOnsiY3JlYXRlIjozNjAwMDAwMDAwMDAwLCJkZWxldGUiOjM2MDAwMDAwMDAwMDAsInJlYWQiOjMwMDAwMDAwMDAwMCwidXBkYXRlIjozNjAwMDAwMDAwMDAwfSwic2NoZW1hX3ZlcnNpb24iOiIzIn0=",
          "dependencies": [
            "azurerm_resource_group.rg-aulaInfra"
          ]
        }
      ]
    },
    {
      "mode": "managed",
      "type": "azurerm_subnet",
      "name": "Sub-aulaInfra",
      "provider": "provider[\"registry.terraform.io/hashicorp/azurerm\"]",
      "instances": [
        {
          "schema_version": 0,
          "attributes": {
            "address_prefixes": [
              "10.0.1.0/24"
            ],
            "delegation": [],
            "enforce_private_link_endpoint_network_policies": false,
            "enforce_private_link_service_network_policies": false,
            "id": "/subscriptions/9a17a101-3598-4e9e-9524-557db389d27e/resourceGroups/aulaInfraCloudTerra/providers/Microsoft.Network/virtualNetworks/vNet/subnets/subnet",
            "name": "subnet",
            "resource_group_name": "aulaInfraCloudTerra",
            "service_endpoint_policy_ids": null,
            "service_endpoints": null,
            "timeouts": null,
            "virtual_network_name": "vNet"
          },
          "sensitive_attributes": [],
          "private": "eyJlMmJmYjczMC1lY2FhLTExZTYtOGY4OC0zNDM2M2JjN2M0YzAiOnsiY3JlYXRlIjoxODAwMDAwMDAwMDAwLCJkZWxldGUiOjE4MDAwMDAwMDAwMDAsInJlYWQiOjMwMDAwMDAwMDAwMCwidXBkYXRlIjoxODAwMDAwMDAwMDAwfX0=",
          "dependencies": [
            "azurerm_resource_group.rg-aulaInfra",
            "azurerm_virtual_network.vnet-aulaInfra"
          ]
        }
      ]
    },
    {
      "mode": "managed",
      "type": "azurerm_virtual_network",
      "name": "vnet-aulaInfra",
      "provider": "provider[\"registry.terraform.io/hashicorp/azurerm\"]",
      "instances": [
        {
          "schema_version": 0,
          "attributes": {
            "address_space": [
              "10.0.0.0/16"
            ],
            "bgp_community": "",
            "ddos_protection_plan": [],
            "dns_servers": [],
            "edge_zone": "",
            "flow_timeout_in_minutes": 0,
            "guid": "e13daabc-75a8-413a-8267-6d7f23b74b2d",
            "id": "/subscriptions/9a17a101-3598-4e9e-9524-557db389d27e/resourceGroups/aulaInfraCloudTerra/providers/Microsoft.Network/virtualNetworks/vNet",
            "location": "brazilsouth",
            "name": "vNet",
            "resource_group_name": "aulaInfraCloudTerra",
            "subnet": [],
            "tags": {
              "environment": "Class",
              "faculdade": "Impacta",
              "professor": "João",
              "turma": "FS04"
            },
            "timeouts": null
          },
          "sensitive_attributes": [],
          "private": "eyJlMmJmYjczMC1lY2FhLTExZTYtOGY4OC0zNDM2M2JjN2M0YzAiOnsiY3JlYXRlIjoxODAwMDAwMDAwMDAwLCJkZWxldGUiOjE4MDAwMDAwMDAwMDAsInJlYWQiOjMwMDAwMDAwMDAwMCwidXBkYXRlIjoxODAwMDAwMDAwMDAwfX0=",
          "dependencies": [
            "azurerm_resource_group.rg-aulaInfra"
          ]
        }
      ]
    },
    {
      "mode": "managed",
      "type": "null_resource",
      "name": "install-webserver",
      "provider": "provider[\"registry.terraform.io/hashicorp/null\"]",
      "instances": [
        {
          "schema_version": 0,
          "attributes": {
            "id": "8970126101465639528",
            "triggers": null
          },
          "sensitive_attributes": [],
          "private": "bnVsbA==",
          "dependencies": [
            "azurerm_linux_virtual_machine.vm-aulaInfra",
            "azurerm_network_interface.nic-aulaInfra",
            "azurerm_public_ip.ip-aulaInfra",
            "azurerm_resource_group.rg-aulaInfra",
            "azurerm_storage_account.saaulainfra",
            "azurerm_subnet.Sub-aulaInfra",
            "azurerm_virtual_network.vnet-aulaInfra",
            "data.azurerm_public_ip.ip-aula"
          ]
        }
      ]
    }
  ]
}
